# This file is automatically @generated by Cargo.
# It is not intended for manual editing.
version = 4

[[package]]
name = "diomano-cli"
version = "0.1.0"
dependencies = [
 "diomano-sim",
]

[[package]]
name = "diomano-sim"
version = "0.1.0"

[[package]]
name = "diomano-wasm"
version = "0.1.0"
dependencies = [
 "diomano-sim",
]
